
Microsoft Visual Studio Solution File, Format Version 12.00
# Visual Studio 2013
VisualStudioVersion = 12.0.31101.0
MinimumVisualStudioVersion = 10.0.40219.1
Project("{FAE04EC0-301F-11D3-BF4B-00C04F79EFBC}") = "CKS.Prototype", "CKS.Prototype\CKS.Prototype.csproj", "{A139EFDA-A9F3-4A5E-88AE-9A79E96DFA9C}"
	ProjectSection(ProjectDependencies) = postProject
		{156A5C14-1194-438E-ACFD-72E150813EC8} = {156A5C14-1194-438E-ACFD-72E150813EC8}
		{E9CEA55F-8917-4D65-B34C-EAD75FA39BF1} = {E9CEA55F-8917-4D65-B34C-EAD75FA39BF1}
		{404EDB98-929B-4C0A-B24D-DA5A6ED5BDCB} = {404EDB98-929B-4C0A-B24D-DA5A6ED5BDCB}
		{835ECF9C-7610-4898-B3B9-5C7A00BD5636} = {835ECF9C-7610-4898-B3B9-5C7A00BD5636}
		{5E23EAAF-CEE5-4355-A356-7AA2D008A193} = {5E23EAAF-CEE5-4355-A356-7AA2D008A193}
		{18DA54C1-F5B6-4A8A-B3AB-C18FD6FEC0CC} = {18DA54C1-F5B6-4A8A-B3AB-C18FD6FEC0CC}
		{9AAA97D0-4B10-4BBF-9A06-4AF02067B62A} = {9AAA97D0-4B10-4BBF-9A06-4AF02067B62A}
	EndProjectSection
EndProject
Project("{FAE04EC0-301F-11D3-BF4B-00C04F79EFBC}") = "CKS.Prototype.Tests", "CKS.Prototype.Tests\CKS.Prototype.Tests.csproj", "{D7176739-55A1-4B89-A56D-AE934A8AAD33}"
EndProject
Project("{FAE04EC0-301F-11D3-BF4B-00C04F79EFBC}") = "CKS.Entities", "CKS.Entities\CKS.Entities.csproj", "{9AAA97D0-4B10-4BBF-9A06-4AF02067B62A}"
EndProject
Project("{FAE04EC0-301F-11D3-BF4B-00C04F79EFBC}") = "CKS.Contracts", "CKS.Contracts\CKS.Contracts.csproj", "{156A5C14-1194-438E-ACFD-72E150813EC8}"
EndProject
Project("{2150E333-8FDC-42A3-9474-1A3956D46DE8}") = "Solution Items", "Solution Items", "{9C2F37D3-DFEA-4B74-99CA-65374799EA3A}"
	ProjectSection(SolutionItems) = preProject
		shared\CKS.Prototype.snk = shared\CKS.Prototype.snk
		shared\CKS.Ruleset = shared\CKS.Ruleset
		shared\CustomDictionary.xml = shared\CustomDictionary.xml
		README.md = README.md
	EndProjectSection
EndProject
Project("{FAE04EC0-301F-11D3-BF4B-00C04F79EFBC}") = "CKS.NLogWrapper", "CKS.NLogWrapper\CKS.NLogWrapper.csproj", "{E9CEA55F-8917-4D65-B34C-EAD75FA39BF1}"
EndProject
Project("{2150E333-8FDC-42A3-9474-1A3956D46DE8}") = ".nuget", ".nuget", "{BC5504B1-0DE1-45A1-BD88-101CE7919B51}"
	ProjectSection(SolutionItems) = preProject
		.nuget\packages.config = .nuget\packages.config
	EndProjectSection
EndProject
Project("{FAE04EC0-301F-11D3-BF4B-00C04F79EFBC}") = "CKS.ViewModels", "CKS.ViewModels\CKS.ViewModels.csproj", "{18DA54C1-F5B6-4A8A-B3AB-C18FD6FEC0CC}"
EndProject
Project("{FAE04EC0-301F-11D3-BF4B-00C04F79EFBC}") = "CKS.DataLayer", "CKS.DataLayer\CKS.DataLayer.csproj", "{5E23EAAF-CEE5-4355-A356-7AA2D008A193}"
EndProject
Project("{FAE04EC0-301F-11D3-BF4B-00C04F79EFBC}") = "CKS.BlobLayer", "CKS.BlobLayer\CKS.BlobLayer.csproj", "{404EDB98-929B-4C0A-B24D-DA5A6ED5BDCB}"
EndProject
Project("{FAE04EC0-301F-11D3-BF4B-00C04F79EFBC}") = "CKS.BlobLayer.Tests", "CKS.BlobLayer.Tests\CKS.BlobLayer.Tests.csproj", "{962A9C18-4640-44C1-879A-F128DA238AE8}"
	ProjectSection(ProjectDependencies) = postProject
		{E9CEA55F-8917-4D65-B34C-EAD75FA39BF1} = {E9CEA55F-8917-4D65-B34C-EAD75FA39BF1}
		{34ECDA83-F23A-403C-BA08-E824EFBBAE69} = {34ECDA83-F23A-403C-BA08-E824EFBBAE69}
		{835ECF9C-7610-4898-B3B9-5C7A00BD5636} = {835ECF9C-7610-4898-B3B9-5C7A00BD5636}
		{5E23EAAF-CEE5-4355-A356-7AA2D008A193} = {5E23EAAF-CEE5-4355-A356-7AA2D008A193}
		{18DA54C1-F5B6-4A8A-B3AB-C18FD6FEC0CC} = {18DA54C1-F5B6-4A8A-B3AB-C18FD6FEC0CC}
		{9AAA97D0-4B10-4BBF-9A06-4AF02067B62A} = {9AAA97D0-4B10-4BBF-9A06-4AF02067B62A}
		{A139EFDA-A9F3-4A5E-88AE-9A79E96DFA9C} = {A139EFDA-A9F3-4A5E-88AE-9A79E96DFA9C}
	EndProjectSection
EndProject
Project("{FAE04EC0-301F-11D3-BF4B-00C04F79EFBC}") = "CKS.Dashboard", "CKS.Dashboard\CKS.Dashboard.csproj", "{34ECDA83-F23A-403C-BA08-E824EFBBAE69}"
EndProject
Project("{FAE04EC0-301F-11D3-BF4B-00C04F79EFBC}") = "CKS.DiagnosticsWrapper", "CKS.DiagnosticsWrapper\CKS.DiagnosticsWrapper.csproj", "{835ECF9C-7610-4898-B3B9-5C7A00BD5636}"
EndProject
Global
	GlobalSection(SolutionConfigurationPlatforms) = preSolution
		Debug|Any CPU = Debug|Any CPU
		Dev|Any CPU = Dev|Any CPU
		Prod|Any CPU = Prod|Any CPU
		Release|Any CPU = Release|Any CPU
		Staging|Any CPU = Staging|Any CPU
	EndGlobalSection
	GlobalSection(ProjectConfigurationPlatforms) = postSolution
		{A139EFDA-A9F3-4A5E-88AE-9A79E96DFA9C}.Debug|Any CPU.ActiveCfg = Debug|Any CPU
		{A139EFDA-A9F3-4A5E-88AE-9A79E96DFA9C}.Debug|Any CPU.Build.0 = Debug|Any CPU
		{A139EFDA-A9F3-4A5E-88AE-9A79E96DFA9C}.Dev|Any CPU.ActiveCfg = Dev|Any CPU
		{A139EFDA-A9F3-4A5E-88AE-9A79E96DFA9C}.Dev|Any CPU.Build.0 = Dev|Any CPU
		{A139EFDA-A9F3-4A5E-88AE-9A79E96DFA9C}.Prod|Any CPU.ActiveCfg = Prod|Any CPU
		{A139EFDA-A9F3-4A5E-88AE-9A79E96DFA9C}.Prod|Any CPU.Build.0 = Prod|Any CPU
		{A139EFDA-A9F3-4A5E-88AE-9A79E96DFA9C}.Release|Any CPU.ActiveCfg = Release|Any CPU
		{A139EFDA-A9F3-4A5E-88AE-9A79E96DFA9C}.Release|Any CPU.Build.0 = Release|Any CPU
		{A139EFDA-A9F3-4A5E-88AE-9A79E96DFA9C}.Staging|Any CPU.ActiveCfg = Staging|Any CPU
		{A139EFDA-A9F3-4A5E-88AE-9A79E96DFA9C}.Staging|Any CPU.Build.0 = Staging|Any CPU
		{D7176739-55A1-4B89-A56D-AE934A8AAD33}.Debug|Any CPU.ActiveCfg = Debug|Any CPU
		{D7176739-55A1-4B89-A56D-AE934A8AAD33}.Debug|Any CPU.Build.0 = Debug|Any CPU
		{D7176739-55A1-4B89-A56D-AE934A8AAD33}.Dev|Any CPU.ActiveCfg = Dev|Any CPU
		{D7176739-55A1-4B89-A56D-AE934A8AAD33}.Dev|Any CPU.Build.0 = Dev|Any CPU
		{D7176739-55A1-4B89-A56D-AE934A8AAD33}.Prod|Any CPU.ActiveCfg = Prod|Any CPU
		{D7176739-55A1-4B89-A56D-AE934A8AAD33}.Prod|Any CPU.Build.0 = Prod|Any CPU
		{D7176739-55A1-4B89-A56D-AE934A8AAD33}.Release|Any CPU.ActiveCfg = Release|Any CPU
		{D7176739-55A1-4B89-A56D-AE934A8AAD33}.Release|Any CPU.Build.0 = Release|Any CPU
		{D7176739-55A1-4B89-A56D-AE934A8AAD33}.Staging|Any CPU.ActiveCfg = Staging|Any CPU
		{D7176739-55A1-4B89-A56D-AE934A8AAD33}.Staging|Any CPU.Build.0 = Staging|Any CPU
		{9AAA97D0-4B10-4BBF-9A06-4AF02067B62A}.Debug|Any CPU.ActiveCfg = Debug|Any CPU
		{9AAA97D0-4B10-4BBF-9A06-4AF02067B62A}.Debug|Any CPU.Build.0 = Debug|Any CPU
		{9AAA97D0-4B10-4BBF-9A06-4AF02067B62A}.Dev|Any CPU.ActiveCfg = Dev|Any CPU
		{9AAA97D0-4B10-4BBF-9A06-4AF02067B62A}.Dev|Any CPU.Build.0 = Dev|Any CPU
		{9AAA97D0-4B10-4BBF-9A06-4AF02067B62A}.Prod|Any CPU.ActiveCfg = Prod|Any CPU
		{9AAA97D0-4B10-4BBF-9A06-4AF02067B62A}.Prod|Any CPU.Build.0 = Prod|Any CPU
		{9AAA97D0-4B10-4BBF-9A06-4AF02067B62A}.Release|Any CPU.ActiveCfg = Release|Any CPU
		{9AAA97D0-4B10-4BBF-9A06-4AF02067B62A}.Release|Any CPU.Build.0 = Release|Any CPU
		{9AAA97D0-4B10-4BBF-9A06-4AF02067B62A}.Staging|Any CPU.ActiveCfg = Staging|Any CPU
		{9AAA97D0-4B10-4BBF-9A06-4AF02067B62A}.Staging|Any CPU.Build.0 = Staging|Any CPU
		{156A5C14-1194-438E-ACFD-72E150813EC8}.Debug|Any CPU.ActiveCfg = Debug|Any CPU
		{156A5C14-1194-438E-ACFD-72E150813EC8}.Debug|Any CPU.Build.0 = Debug|Any CPU
		{156A5C14-1194-438E-ACFD-72E150813EC8}.Dev|Any CPU.ActiveCfg = Dev|Any CPU
		{156A5C14-1194-438E-ACFD-72E150813EC8}.Dev|Any CPU.Build.0 = Dev|Any CPU
		{156A5C14-1194-438E-ACFD-72E150813EC8}.Prod|Any CPU.ActiveCfg = Prod|Any CPU
		{156A5C14-1194-438E-ACFD-72E150813EC8}.Prod|Any CPU.Build.0 = Prod|Any CPU
		{156A5C14-1194-438E-ACFD-72E150813EC8}.Release|Any CPU.ActiveCfg = Release|Any CPU
		{156A5C14-1194-438E-ACFD-72E150813EC8}.Release|Any CPU.Build.0 = Release|Any CPU
		{156A5C14-1194-438E-ACFD-72E150813EC8}.Staging|Any CPU.ActiveCfg = Staging|Any CPU
		{156A5C14-1194-438E-ACFD-72E150813EC8}.Staging|Any CPU.Build.0 = Staging|Any CPU
		{E9CEA55F-8917-4D65-B34C-EAD75FA39BF1}.Debug|Any CPU.ActiveCfg = Debug|Any CPU
		{E9CEA55F-8917-4D65-B34C-EAD75FA39BF1}.Debug|Any CPU.Build.0 = Debug|Any CPU
		{E9CEA55F-8917-4D65-B34C-EAD75FA39BF1}.Dev|Any CPU.ActiveCfg = Dev|Any CPU
		{E9CEA55F-8917-4D65-B34C-EAD75FA39BF1}.Dev|Any CPU.Build.0 = Dev|Any CPU
		{E9CEA55F-8917-4D65-B34C-EAD75FA39BF1}.Prod|Any CPU.ActiveCfg = Prod|Any CPU
		{E9CEA55F-8917-4D65-B34C-EAD75FA39BF1}.Prod|Any CPU.Build.0 = Prod|Any CPU
		{E9CEA55F-8917-4D65-B34C-EAD75FA39BF1}.Release|Any CPU.ActiveCfg = Release|Any CPU
		{E9CEA55F-8917-4D65-B34C-EAD75FA39BF1}.Release|Any CPU.Build.0 = Release|Any CPU
		{E9CEA55F-8917-4D65-B34C-EAD75FA39BF1}.Staging|Any CPU.ActiveCfg = Staging|Any CPU
		{E9CEA55F-8917-4D65-B34C-EAD75FA39BF1}.Staging|Any CPU.Build.0 = Staging|Any CPU
		{18DA54C1-F5B6-4A8A-B3AB-C18FD6FEC0CC}.Debug|Any CPU.ActiveCfg = Debug|Any CPU
		{18DA54C1-F5B6-4A8A-B3AB-C18FD6FEC0CC}.Debug|Any CPU.Build.0 = Debug|Any CPU
		{18DA54C1-F5B6-4A8A-B3AB-C18FD6FEC0CC}.Dev|Any CPU.ActiveCfg = Dev|Any CPU
		{18DA54C1-F5B6-4A8A-B3AB-C18FD6FEC0CC}.Dev|Any CPU.Build.0 = Dev|Any CPU
		{18DA54C1-F5B6-4A8A-B3AB-C18FD6FEC0CC}.Prod|Any CPU.ActiveCfg = Prod|Any CPU
		{18DA54C1-F5B6-4A8A-B3AB-C18FD6FEC0CC}.Prod|Any CPU.Build.0 = Prod|Any CPU
		{18DA54C1-F5B6-4A8A-B3AB-C18FD6FEC0CC}.Release|Any CPU.ActiveCfg = Release|Any CPU
		{18DA54C1-F5B6-4A8A-B3AB-C18FD6FEC0CC}.Release|Any CPU.Build.0 = Release|Any CPU
		{18DA54C1-F5B6-4A8A-B3AB-C18FD6FEC0CC}.Staging|Any CPU.ActiveCfg = Staging|Any CPU
		{18DA54C1-F5B6-4A8A-B3AB-C18FD6FEC0CC}.Staging|Any CPU.Build.0 = Staging|Any CPU
		{5E23EAAF-CEE5-4355-A356-7AA2D008A193}.Debug|Any CPU.ActiveCfg = Debug|Any CPU
		{5E23EAAF-CEE5-4355-A356-7AA2D008A193}.Debug|Any CPU.Build.0 = Debug|Any CPU
		{5E23EAAF-CEE5-4355-A356-7AA2D008A193}.Dev|Any CPU.ActiveCfg = Dev|Any CPU
		{5E23EAAF-CEE5-4355-A356-7AA2D008A193}.Dev|Any CPU.Build.0 = Dev|Any CPU
		{5E23EAAF-CEE5-4355-A356-7AA2D008A193}.Prod|Any CPU.ActiveCfg = Prod|Any CPU
		{5E23EAAF-CEE5-4355-A356-7AA2D008A193}.Prod|Any CPU.Build.0 = Prod|Any CPU
		{5E23EAAF-CEE5-4355-A356-7AA2D008A193}.Release|Any CPU.ActiveCfg = Release|Any CPU
		{5E23EAAF-CEE5-4355-A356-7AA2D008A193}.Release|Any CPU.Build.0 = Release|Any CPU
		{5E23EAAF-CEE5-4355-A356-7AA2D008A193}.Staging|Any CPU.ActiveCfg = Staging|Any CPU
		{5E23EAAF-CEE5-4355-A356-7AA2D008A193}.Staging|Any CPU.Build.0 = Staging|Any CPU
		{404EDB98-929B-4C0A-B24D-DA5A6ED5BDCB}.Debug|Any CPU.ActiveCfg = Debug|Any CPU
		{404EDB98-929B-4C0A-B24D-DA5A6ED5BDCB}.Debug|Any CPU.Build.0 = Debug|Any CPU
		{404EDB98-929B-4C0A-B24D-DA5A6ED5BDCB}.Dev|Any CPU.ActiveCfg = Dev|Any CPU
		{404EDB98-929B-4C0A-B24D-DA5A6ED5BDCB}.Dev|Any CPU.Build.0 = Dev|Any CPU
		{404EDB98-929B-4C0A-B24D-DA5A6ED5BDCB}.Prod|Any CPU.ActiveCfg = Prod|Any CPU
		{404EDB98-929B-4C0A-B24D-DA5A6ED5BDCB}.Prod|Any CPU.Build.0 = Prod|Any CPU
		{404EDB98-929B-4C0A-B24D-DA5A6ED5BDCB}.Release|Any CPU.ActiveCfg = Release|Any CPU
		{404EDB98-929B-4C0A-B24D-DA5A6ED5BDCB}.Release|Any CPU.Build.0 = Release|Any CPU
		{404EDB98-929B-4C0A-B24D-DA5A6ED5BDCB}.Staging|Any CPU.ActiveCfg = Staging|Any CPU
		{404EDB98-929B-4C0A-B24D-DA5A6ED5BDCB}.Staging|Any CPU.Build.0 = Staging|Any CPU
		{962A9C18-4640-44C1-879A-F128DA238AE8}.Debug|Any CPU.ActiveCfg = Debug|Any CPU
		{962A9C18-4640-44C1-879A-F128DA238AE8}.Debug|Any CPU.Build.0 = Debug|Any CPU
		{962A9C18-4640-44C1-879A-F128DA238AE8}.Dev|Any CPU.ActiveCfg = Dev|Any CPU
		{962A9C18-4640-44C1-879A-F128DA238AE8}.Dev|Any CPU.Build.0 = Dev|Any CPU
		{962A9C18-4640-44C1-879A-F128DA238AE8}.Prod|Any CPU.ActiveCfg = Prod|Any CPU
		{962A9C18-4640-44C1-879A-F128DA238AE8}.Prod|Any CPU.Build.0 = Prod|Any CPU
		{962A9C18-4640-44C1-879A-F128DA238AE8}.Release|Any CPU.ActiveCfg = Release|Any CPU
		{962A9C18-4640-44C1-879A-F128DA238AE8}.Release|Any CPU.Build.0 = Release|Any CPU
		{962A9C18-4640-44C1-879A-F128DA238AE8}.Staging|Any CPU.ActiveCfg = Staging|Any CPU
		{962A9C18-4640-44C1-879A-F128DA238AE8}.Staging|Any CPU.Build.0 = Staging|Any CPU
		{34ECDA83-F23A-403C-BA08-E824EFBBAE69}.Debug|Any CPU.ActiveCfg = Debug|Any CPU
		{34ECDA83-F23A-403C-BA08-E824EFBBAE69}.Debug|Any CPU.Build.0 = Debug|Any CPU
		{34ECDA83-F23A-403C-BA08-E824EFBBAE69}.Dev|Any CPU.ActiveCfg = Dev|Any CPU
		{34ECDA83-F23A-403C-BA08-E824EFBBAE69}.Dev|Any CPU.Build.0 = Dev|Any CPU
		{34ECDA83-F23A-403C-BA08-E824EFBBAE69}.Prod|Any CPU.ActiveCfg = Prod|Any CPU
		{34ECDA83-F23A-403C-BA08-E824EFBBAE69}.Prod|Any CPU.Build.0 = Prod|Any CPU
		{34ECDA83-F23A-403C-BA08-E824EFBBAE69}.Release|Any CPU.ActiveCfg = Release|Any CPU
		{34ECDA83-F23A-403C-BA08-E824EFBBAE69}.Release|Any CPU.Build.0 = Release|Any CPU
		{34ECDA83-F23A-403C-BA08-E824EFBBAE69}.Staging|Any CPU.ActiveCfg = Staging|Any CPU
		{34ECDA83-F23A-403C-BA08-E824EFBBAE69}.Staging|Any CPU.Build.0 = Staging|Any CPU
		{835ECF9C-7610-4898-B3B9-5C7A00BD5636}.Debug|Any CPU.ActiveCfg = Debug|Any CPU
		{835ECF9C-7610-4898-B3B9-5C7A00BD5636}.Debug|Any CPU.Build.0 = Debug|Any CPU
		{835ECF9C-7610-4898-B3B9-5C7A00BD5636}.Dev|Any CPU.ActiveCfg = Debug|Any CPU
		{835ECF9C-7610-4898-B3B9-5C7A00BD5636}.Dev|Any CPU.Build.0 = Debug|Any CPU
		{835ECF9C-7610-4898-B3B9-5C7A00BD5636}.Prod|Any CPU.ActiveCfg = Release|Any CPU
		{835ECF9C-7610-4898-B3B9-5C7A00BD5636}.Prod|Any CPU.Build.0 = Release|Any CPU
		{835ECF9C-7610-4898-B3B9-5C7A00BD5636}.Release|Any CPU.ActiveCfg = Release|Any CPU
		{835ECF9C-7610-4898-B3B9-5C7A00BD5636}.Release|Any CPU.Build.0 = Release|Any CPU
		{835ECF9C-7610-4898-B3B9-5C7A00BD5636}.Staging|Any CPU.ActiveCfg = Release|Any CPU
		{835ECF9C-7610-4898-B3B9-5C7A00BD5636}.Staging|Any CPU.Build.0 = Release|Any CPU
	EndGlobalSection
	GlobalSection(SolutionProperties) = preSolution
		HideSolutionNode = FALSE
	EndGlobalSection
	GlobalSection(ExtensibilityGlobals) = postSolution
		EnterpriseLibraryConfigurationToolBinariesPath = packages\Unity.2.1.505.2\lib\NET35
	EndGlobalSection
EndGlobal
